
Microsoft Visual Studio Solution File, Format Version 12.00
# Visual Studio Version 16
VisualStudioVersion = 16.0.32602.291
MinimumVisualStudioVersion = 10.0.40219.1
Project("{9A19103F-16F7-4668-BE54-9A1E7A4F7556}") = "WebAPI_demo_DevOps", "WebAPI_demo_DevOps.csproj", "{836B56E5-9B7F-4DC0-9AC4-E62310EDD153}"
EndProject
Global
	GlobalSection(SolutionConfigurationPlatforms) = preSolution
		Debug|Any CPU = Debug|Any CPU
		Release|Any CPU = Release|Any CPU
	EndGlobalSection
	GlobalSection(ProjectConfigurationPlatforms) = postSolution
		{836B56E5-9B7F-4DC0-9AC4-E62310EDD153}.Debug|Any CPU.ActiveCfg = Debug|Any CPU
		{836B56E5-9B7F-4DC0-9AC4-E62310EDD153}.Debug|Any CPU.Build.0 = Debug|Any CPU
		{836B56E5-9B7F-4DC0-9AC4-E62310EDD153}.Release|Any CPU.ActiveCfg = Release|Any CPU
		{836B56E5-9B7F-4DC0-9AC4-E62310EDD153}.Release|Any CPU.Build.0 = Release|Any CPU
	EndGlobalSection
	GlobalSection(SolutionProperties) = preSolution
		HideSolutionNode = FALSE
	EndGlobalSection
	GlobalSection(ExtensibilityGlobals) = postSolution
		SolutionGuid = {B0D6580D-F9CD-49D0-A35B-FD5C7773CD3D}
	EndGlobalSection
EndGlobal
